// !$*UTF8*$!
{
	archiveVersion = 1;
	classes = {
	};
	objectVersion = 56;
	objects = {

/* Begin PBXBuildFile section */
		F703B20A2B83BF7F00AE91E2 /* NotificationManager.swift in Sources */ = {isa = PBXBuildFile; fileRef = F703B2092B83BF7F00AE91E2 /* NotificationManager.swift */; };
		F703B2102B85C77C00AE91E2 /* FullScreenView.swift in Sources */ = {isa = PBXBuildFile; fileRef = F703B20F2B85C77C00AE91E2 /* FullScreenView.swift */; };
		F7080D502B90668700C51375 /* FullScreenManager.swift in Sources */ = {isa = PBXBuildFile; fileRef = F7080D4F2B90668700C51375 /* FullScreenManager.swift */; };
		F7080D522B96866300C51375 /* AppSettings.swift in Sources */ = {isa = PBXBuildFile; fileRef = F7080D512B96866300C51375 /* AppSettings.swift */; };
		F72B1BC62B7D6EB600656E97 /* HomeView.swift in Sources */ = {isa = PBXBuildFile; fileRef = F72B1BC52B7D6EB600656E97 /* HomeView.swift */; };
		F72B1BC82B7D6F6700656E97 /* SettingView.swift in Sources */ = {isa = PBXBuildFile; fileRef = F72B1BC72B7D6F6700656E97 /* SettingView.swift */; };
		F72B1BCA2B7D6FA500656E97 /* Dataview.swift in Sources */ = {isa = PBXBuildFile; fileRef = F72B1BC92B7D6FA500656E97 /* Dataview.swift */; };
		F761949C2BCE1BE400F09EC3 /* SessionManager.swift in Sources */ = {isa = PBXBuildFile; fileRef = F761949B2BCE1BE400F09EC3 /* SessionManager.swift */; };
		F77931932B7964B2009E3759 /* MVP_PauseTimeApp.swift in Sources */ = {isa = PBXBuildFile; fileRef = F77931922B7964B2009E3759 /* MVP_PauseTimeApp.swift */; };
		F77931952B7964B2009E3759 /* ContentView.swift in Sources */ = {isa = PBXBuildFile; fileRef = F77931942B7964B2009E3759 /* ContentView.swift */; };
		F77931972B7964B3009E3759 /* Assets.xcassets in Resources */ = {isa = PBXBuildFile; fileRef = F77931962B7964B3009E3759 /* Assets.xcassets */; };
		F779319B2B7964B3009E3759 /* Preview Assets.xcassets in Resources */ = {isa = PBXBuildFile; fileRef = F779319A2B7964B3009E3759 /* Preview Assets.xcassets */; };
		F7BCCBAD2BB8C6660048CF6E /* HomeViewModel.swift in Sources */ = {isa = PBXBuildFile; fileRef = F7BCCBAC2BB8C6660048CF6E /* HomeViewModel.swift */; };
		F7D37B642BC5E3DC004635D2 /* SettingViewModel.swift in Sources */ = {isa = PBXBuildFile; fileRef = F7D37B632BC5E3DC004635D2 /* SettingViewModel.swift */; };
/* End PBXBuildFile section */

/* Begin PBXFileReference section */
		F703B2092B83BF7F00AE91E2 /* NotificationManager.swift */ = {isa = PBXFileReference; lastKnownFileType = sourcecode.swift; path = NotificationManager.swift; sourceTree = "<group>"; };
		F703B20F2B85C77C00AE91E2 /* FullScreenView.swift */ = {isa = PBXFileReference; lastKnownFileType = sourcecode.swift; path = FullScreenView.swift; sourceTree = "<group>"; };
		F7080D4F2B90668700C51375 /* FullScreenManager.swift */ = {isa = PBXFileReference; lastKnownFileType = sourcecode.swift; path = FullScreenManager.swift; sourceTree = "<group>"; };
		F7080D512B96866300C51375 /* AppSettings.swift */ = {isa = PBXFileReference; lastKnownFileType = sourcecode.swift; path = AppSettings.swift; sourceTree = "<group>"; };
		F72B1BC52B7D6EB600656E97 /* HomeView.swift */ = {isa = PBXFileReference; lastKnownFileType = sourcecode.swift; path = HomeView.swift; sourceTree = "<group>"; };
		F72B1BC72B7D6F6700656E97 /* SettingView.swift */ = {isa = PBXFileReference; lastKnownFileType = sourcecode.swift; path = SettingView.swift; sourceTree = "<group>"; };
		F72B1BC92B7D6FA500656E97 /* Dataview.swift */ = {isa = PBXFileReference; lastKnownFileType = sourcecode.swift; path = Dataview.swift; sourceTree = "<group>"; };
		F761949B2BCE1BE400F09EC3 /* SessionManager.swift */ = {isa = PBXFileReference; lastKnownFileType = sourcecode.swift; path = SessionManager.swift; sourceTree = "<group>"; };
		F779318F2B7964B2009E3759 /* MVP_PauseTime.app */ = {isa = PBXFileReference; explicitFileType = wrapper.application; includeInIndex = 0; path = MVP_PauseTime.app; sourceTree = BUILT_PRODUCTS_DIR; };
		F77931922B7964B2009E3759 /* MVP_PauseTimeApp.swift */ = {isa = PBXFileReference; lastKnownFileType = sourcecode.swift; path = MVP_PauseTimeApp.swift; sourceTree = "<group>"; };
		F77931942B7964B2009E3759 /* ContentView.swift */ = {isa = PBXFileReference; lastKnownFileType = sourcecode.swift; path = ContentView.swift; sourceTree = "<group>"; };
		F77931962B7964B3009E3759 /* Assets.xcassets */ = {isa = PBXFileReference; lastKnownFileType = folder.assetcatalog; path = Assets.xcassets; sourceTree = "<group>"; };
		F77931982B7964B3009E3759 /* MVP_PauseTime.entitlements */ = {isa = PBXFileReference; lastKnownFileType = text.plist.entitlements; path = MVP_PauseTime.entitlements; sourceTree = "<group>"; };
		F779319A2B7964B3009E3759 /* Preview Assets.xcassets */ = {isa = PBXFileReference; lastKnownFileType = folder.assetcatalog; path = "Preview Assets.xcassets"; sourceTree = "<group>"; };
		F7BCCBAC2BB8C6660048CF6E /* HomeViewModel.swift */ = {isa = PBXFileReference; lastKnownFileType = sourcecode.swift; path = HomeViewModel.swift; sourceTree = "<group>"; };
		F7D37B632BC5E3DC004635D2 /* SettingViewModel.swift */ = {isa = PBXFileReference; lastKnownFileType = sourcecode.swift; path = SettingViewModel.swift; sourceTree = "<group>"; };
/* End PBXFileReference section */

/* Begin PBXFrameworksBuildPhase section */
		F779318C2B7964B2009E3759 /* Frameworks */ = {
			isa = PBXFrameworksBuildPhase;
			buildActionMask = 2147483647;
			files = (
			);
			runOnlyForDeploymentPostprocessing = 0;
		};
/* End PBXFrameworksBuildPhase section */

/* Begin PBXGroup section */
		F703B2132B868AB400AE91E2 /* service */ = {
			isa = PBXGroup;
			children = (
				F703B2092B83BF7F00AE91E2 /* NotificationManager.swift */,
				F7080D4F2B90668700C51375 /* FullScreenManager.swift */,
				F761949B2BCE1BE400F09EC3 /* SessionManager.swift */,
			);
			path = service;
			sourceTree = "<group>";
		};
		F77931862B7964B2009E3759 = {
			isa = PBXGroup;
			children = (
				F77931912B7964B2009E3759 /* MVP_PauseTime */,
				F77931902B7964B2009E3759 /* Products */,
			);
			sourceTree = "<group>";
		};
		F77931902B7964B2009E3759 /* Products */ = {
			isa = PBXGroup;
			children = (
				F779318F2B7964B2009E3759 /* MVP_PauseTime.app */,
			);
			name = Products;
			sourceTree = "<group>";
		};
		F77931912B7964B2009E3759 /* MVP_PauseTime */ = {
			isa = PBXGroup;
			children = (
				F7BCCBAB2BB8C1E80048CF6E /* ViewModel */,
				F7BCCBAA2BB8C15D0048CF6E /* View */,
				F7BCCBA92BB8B4E80048CF6E /* Model */,
				F703B2132B868AB400AE91E2 /* service */,
				F77931922B7964B2009E3759 /* MVP_PauseTimeApp.swift */,
				F77931962B7964B3009E3759 /* Assets.xcassets */,
				F77931982B7964B3009E3759 /* MVP_PauseTime.entitlements */,
				F77931992B7964B3009E3759 /* Preview Content */,
			);
			path = MVP_PauseTime;
			sourceTree = "<group>";
		};
		F77931992B7964B3009E3759 /* Preview Content */ = {
			isa = PBXGroup;
			children = (
				F779319A2B7964B3009E3759 /* Preview Assets.xcassets */,
			);
			path = "Preview Content";
			sourceTree = "<group>";
		};
		F7BCCBA92BB8B4E80048CF6E /* Model */ = {
			isa = PBXGroup;
			children = (
				F7080D512B96866300C51375 /* AppSettings.swift */,
			);
			path = Model;
			sourceTree = "<group>";
		};
		F7BCCBAA2BB8C15D0048CF6E /* View */ = {
			isa = PBXGroup;
			children = (
				F77931942B7964B2009E3759 /* ContentView.swift */,
				F72B1BC92B7D6FA500656E97 /* Dataview.swift */,
				F72B1BC72B7D6F6700656E97 /* SettingView.swift */,
				F72B1BC52B7D6EB600656E97 /* HomeView.swift */,
				F703B20F2B85C77C00AE91E2 /* FullScreenView.swift */,
			);
			path = View;
			sourceTree = "<group>";
		};
		F7BCCBAB2BB8C1E80048CF6E /* ViewModel */ = {
			isa = PBXGroup;
			children = (
				F7BCCBAC2BB8C6660048CF6E /* HomeViewModel.swift */,
				F7D37B632BC5E3DC004635D2 /* SettingViewModel.swift */,
			);
			path = ViewModel;
			sourceTree = "<group>";
		};
/* End PBXGroup section */

/* Begin PBXNativeTarget section */
		F779318E2B7964B2009E3759 /* MVP_PauseTime */ = {
			isa = PBXNativeTarget;
			buildConfigurationList = F779319E2B7964B3009E3759 /* Build configuration list for PBXNativeTarget "MVP_PauseTime" */;
			buildPhases = (
				F779318B2B7964B2009E3759 /* Sources */,
				F779318C2B7964B2009E3759 /* Frameworks */,
				F779318D2B7964B2009E3759 /* Resources */,
			);
			buildRules = (
			);
			dependencies = (
			);
			name = MVP_PauseTime;
			productName = MVP_PauseTime;
			productReference = F779318F2B7964B2009E3759 /* MVP_PauseTime.app */;
			productType = "com.apple.product-type.application";
		};
/* End PBXNativeTarget section */

/* Begin PBXProject section */
		F77931872B7964B2009E3759 /* Project object */ = {
			isa = PBXProject;
			attributes = {
				BuildIndependentTargetsInParallel = 1;
				LastSwiftUpdateCheck = 1430;
				LastUpgradeCheck = 1430;
				TargetAttributes = {
					F779318E2B7964B2009E3759 = {
						CreatedOnToolsVersion = 14.3.1;
					};
				};
			};
			buildConfigurationList = F779318A2B7964B2009E3759 /* Build configuration list for PBXProject "MVP_PauseTime" */;
			compatibilityVersion = "Xcode 14.0";
			developmentRegion = en;
			hasScannedForEncodings = 0;
			knownRegions = (
				en,
				Base,
			);
			mainGroup = F77931862B7964B2009E3759;
			productRefGroup = F77931902B7964B2009E3759 /* Products */;
			projectDirPath = "";
			projectRoot = "";
			targets = (
				F779318E2B7964B2009E3759 /* MVP_PauseTime */,
			);
		};
/* End PBXProject section */

/* Begin PBXResourcesBuildPhase section */
		F779318D2B7964B2009E3759 /* Resources */ = {
			isa = PBXResourcesBuildPhase;
			buildActionMask = 2147483647;
			files = (
				F779319B2B7964B3009E3759 /* Preview Assets.xcassets in Resources */,
				F77931972B7964B3009E3759 /* Assets.xcassets in Resources */,
			);
			runOnlyForDeploymentPostprocessing = 0;
		};
/* End PBXResourcesBuildPhase section */

/* Begin PBXSourcesBuildPhase section */
		F779318B2B7964B2009E3759 /* Sources */ = {
			isa = PBXSourcesBuildPhase;
			buildActionMask = 2147483647;
			files = (
				F7080D502B90668700C51375 /* FullScreenManager.swift in Sources */,
				F703B20A2B83BF7F00AE91E2 /* NotificationManager.swift in Sources */,
				F72B1BCA2B7D6FA500656E97 /* Dataview.swift in Sources */,
				F7BCCBAD2BB8C6660048CF6E /* HomeViewModel.swift in Sources */,
				F72B1BC62B7D6EB600656E97 /* HomeView.swift in Sources */,
				F72B1BC82B7D6F6700656E97 /* SettingView.swift in Sources */,
				F761949C2BCE1BE400F09EC3 /* SessionManager.swift in Sources */,
				F7080D522B96866300C51375 /* AppSettings.swift in Sources */,
				F703B2102B85C77C00AE91E2 /* FullScreenView.swift in Sources */,
				F7D37B642BC5E3DC004635D2 /* SettingViewModel.swift in Sources */,
				F77931952B7964B2009E3759 /* ContentView.swift in Sources */,
				F77931932B7964B2009E3759 /* MVP_PauseTimeApp.swift in Sources */,
			);
			runOnlyForDeploymentPostprocessing = 0;
		};
/* End PBXSourcesBuildPhase section */

/* Begin XCBuildConfiguration section */
		F779319C2B7964B3009E3759 /* Debug */ = {
			isa = XCBuildConfiguration;
			buildSettings = {
				ALWAYS_SEARCH_USER_PATHS = NO;
				CLANG_ANALYZER_NONNULL = YES;
				CLANG_ANALYZER_NUMBER_OBJECT_CONVERSION = YES_AGGRESSIVE;
				CLANG_CXX_LANGUAGE_STANDARD = "gnu++20";
				CLANG_ENABLE_MODULES = YES;
				CLANG_ENABLE_OBJC_ARC = YES;
				CLANG_ENABLE_OBJC_WEAK = YES;
				CLANG_WARN_BLOCK_CAPTURE_AUTORELEASING = YES;
				CLANG_WARN_BOOL_CONVERSION = YES;
				CLANG_WARN_COMMA = YES;
				CLANG_WARN_CONSTANT_CONVERSION = YES;
				CLANG_WARN_DEPRECATED_OBJC_IMPLEMENTATIONS = YES;
				CLANG_WARN_DIRECT_OBJC_ISA_USAGE = YES_ERROR;
				CLANG_WARN_DOCUMENTATION_COMMENTS = YES;
				CLANG_WARN_EMPTY_BODY = YES;
				CLANG_WARN_ENUM_CONVERSION = YES;
				CLANG_WARN_INFINITE_RECURSION = YES;
				CLANG_WARN_INT_CONVERSION = YES;
				CLANG_WARN_NON_LITERAL_NULL_CONVERSION = YES;
				CLANG_WARN_OBJC_IMPLICIT_RETAIN_SELF = YES;
				CLANG_WARN_OBJC_LITERAL_CONVERSION = YES;
				CLANG_WARN_OBJC_ROOT_CLASS = YES_ERROR;
				CLANG_WARN_QUOTED_INCLUDE_IN_FRAMEWORK_HEADER = YES;
				CLANG_WARN_RANGE_LOOP_ANALYSIS = YES;
				CLANG_WARN_STRICT_PROTOTYPES = YES;
				CLANG_WARN_SUSPICIOUS_MOVE = YES;
				CLANG_WARN_UNGUARDED_AVAILABILITY = YES_AGGRESSIVE;
				CLANG_WARN_UNREACHABLE_CODE = YES;
				CLANG_WARN__DUPLICATE_METHOD_MATCH = YES;
				COPY_PHASE_STRIP = NO;
				DEBUG_INFORMATION_FORMAT = dwarf;
				ENABLE_STRICT_OBJC_MSGSEND = YES;
				ENABLE_TESTABILITY = YES;
				GCC_C_LANGUAGE_STANDARD = gnu11;
				GCC_DYNAMIC_NO_PIC = NO;
				GCC_NO_COMMON_BLOCKS = YES;
				GCC_OPTIMIZATION_LEVEL = 0;
				GCC_PREPROCESSOR_DEFINITIONS = (
					"DEBUG=1",
					"$(inherited)",
				);
				GCC_WARN_64_TO_32_BIT_CONVERSION = YES;
				GCC_WARN_ABOUT_RETURN_TYPE = YES_ERROR;
				GCC_WARN_UNDECLARED_SELECTOR = YES;
				GCC_WARN_UNINITIALIZED_AUTOS = YES_AGGRESSIVE;
				GCC_WARN_UNUSED_FUNCTION = YES;
				GCC_WARN_UNUSED_VARIABLE = YES;
				MTL_ENABLE_DEBUG_INFO = INCLUDE_SOURCE;
				MTL_FAST_MATH = YES;
				ONLY_ACTIVE_ARCH = YES;
				SWIFT_ACTIVE_COMPILATION_CONDITIONS = DEBUG;
				SWIFT_OPTIMIZATION_LEVEL = "-Onone";
			};
			name = Debug;
		};
		F779319D2B7964B3009E3759 /* Release */ = {
			isa = XCBuildConfiguration;
			buildSettings = {
				ALWAYS_SEARCH_USER_PATHS = NO;
				CLANG_ANALYZER_NONNULL = YES;
				CLANG_ANALYZER_NUMBER_OBJECT_CONVERSION = YES_AGGRESSIVE;
				CLANG_CXX_LANGUAGE_STANDARD = "gnu++20";
				CLANG_ENABLE_MODULES = YES;
				CLANG_ENABLE_OBJC_ARC = YES;
				CLANG_ENABLE_OBJC_WEAK = YES;
				CLANG_WARN_BLOCK_CAPTURE_AUTORELEASING = YES;
				CLANG_WARN_BOOL_CONVERSION = YES;
				CLANG_WARN_COMMA = YES;
				CLANG_WARN_CONSTANT_CONVERSION = YES;
				CLANG_WARN_DEPRECATED_OBJC_IMPLEMENTATIONS = YES;
				CLANG_WARN_DIRECT_OBJC_ISA_USAGE = YES_ERROR;
				CLANG_WARN_DOCUMENTATION_COMMENTS = YES;
				CLANG_WARN_EMPTY_BODY = YES;
				CLANG_WARN_ENUM_CONVERSION = YES;
				CLANG_WARN_INFINITE_RECURSION = YES;
				CLANG_WARN_INT_CONVERSION = YES;
				CLANG_WARN_NON_LITERAL_NULL_CONVERSION = YES;
				CLANG_WARN_OBJC_IMPLICIT_RETAIN_SELF = YES;
				CLANG_WARN_OBJC_LITERAL_CONVERSION = YES;
				CLANG_WARN_OBJC_ROOT_CLASS = YES_ERROR;
				CLANG_WARN_QUOTED_INCLUDE_IN_FRAMEWORK_HEADER = YES;
				CLANG_WARN_RANGE_LOOP_ANALYSIS = YES;
				CLANG_WARN_STRICT_PROTOTYPES = YES;
				CLANG_WARN_SUSPICIOUS_MOVE = YES;
				CLANG_WARN_UNGUARDED_AVAILABILITY = YES_AGGRESSIVE;
				CLANG_WARN_UNREACHABLE_CODE = YES;
				CLANG_WARN__DUPLICATE_METHOD_MATCH = YES;
				COPY_PHASE_STRIP = NO;
				DEBUG_INFORMATION_FORMAT = "dwarf-with-dsym";
				ENABLE_NS_ASSERTIONS = NO;
				ENABLE_STRICT_OBJC_MSGSEND = YES;
				GCC_C_LANGUAGE_STANDARD = gnu11;
				GCC_NO_COMMON_BLOCKS = YES;
				GCC_WARN_64_TO_32_BIT_CONVERSION = YES;
				GCC_WARN_ABOUT_RETURN_TYPE = YES_ERROR;
				GCC_WARN_UNDECLARED_SELECTOR = YES;
				GCC_WARN_UNINITIALIZED_AUTOS = YES_AGGRESSIVE;
				GCC_WARN_UNUSED_FUNCTION = YES;
				GCC_WARN_UNUSED_VARIABLE = YES;
				MTL_ENABLE_DEBUG_INFO = NO;
				MTL_FAST_MATH = YES;
				SWIFT_COMPILATION_MODE = wholemodule;
				SWIFT_OPTIMIZATION_LEVEL = "-O";
			};
			name = Release;
		};
		F779319F2B7964B3009E3759 /* Debug */ = {
			isa = XCBuildConfiguration;
			buildSettings = {
				ASSETCATALOG_COMPILER_APPICON_NAME = AppIcon;
				ASSETCATALOG_COMPILER_GLOBAL_ACCENT_COLOR_NAME = AccentColor;
				CODE_SIGN_ENTITLEMENTS = MVP_PauseTime/MVP_PauseTime.entitlements;
				CODE_SIGN_STYLE = Automatic;
				CURRENT_PROJECT_VERSION = 1;
				DEVELOPMENT_ASSET_PATHS = "\"MVP_PauseTime/Preview Content\"";
				DEVELOPMENT_TEAM = K6Q336Q3FM;
				ENABLE_HARDENED_RUNTIME = YES;
				ENABLE_PREVIEWS = YES;
				GENERATE_INFOPLIST_FILE = YES;
				"INFOPLIST_KEY_UIApplicationSceneManifest_Generation[sdk=iphoneos*]" = YES;
				"INFOPLIST_KEY_UIApplicationSceneManifest_Generation[sdk=iphonesimulator*]" = YES;
				"INFOPLIST_KEY_UIApplicationSupportsIndirectInputEvents[sdk=iphoneos*]" = YES;
				"INFOPLIST_KEY_UIApplicationSupportsIndirectInputEvents[sdk=iphonesimulator*]" = YES;
				"INFOPLIST_KEY_UILaunchScreen_Generation[sdk=iphoneos*]" = YES;
				"INFOPLIST_KEY_UILaunchScreen_Generation[sdk=iphonesimulator*]" = YES;
				"INFOPLIST_KEY_UIStatusBarStyle[sdk=iphoneos*]" = UIStatusBarStyleDefault;
				"INFOPLIST_KEY_UIStatusBarStyle[sdk=iphonesimulator*]" = UIStatusBarStyleDefault;
				INFOPLIST_KEY_UISupportedInterfaceOrientations_iPad = "UIInterfaceOrientationPortrait UIInterfaceOrientationPortraitUpsideDown UIInterfaceOrientationLandscapeLeft UIInterfaceOrientationLandscapeRight";
				INFOPLIST_KEY_UISupportedInterfaceOrientations_iPhone = "UIInterfaceOrientationPortrait UIInterfaceOrientationLandscapeLeft UIInterfaceOrientationLandscapeRight";
				IPHONEOS_DEPLOYMENT_TARGET = 16.4;
				LD_RUNPATH_SEARCH_PATHS = "@executable_path/Frameworks";
				"LD_RUNPATH_SEARCH_PATHS[sdk=macosx*]" = "@executable_path/../Frameworks";
				MACOSX_DEPLOYMENT_TARGET = 13.2;
				MARKETING_VERSION = 1.0;
				PRODUCT_BUNDLE_IDENTIFIER = "io.MVP-PauseTime";
				PRODUCT_NAME = "$(TARGET_NAME)";
				SDKROOT = auto;
				SUPPORTED_PLATFORMS = "iphoneos iphonesimulator macosx";
				SWIFT_EMIT_LOC_STRINGS = YES;
				SWIFT_VERSION = 5.0;
				TARGETED_DEVICE_FAMILY = "1,2";
			};
			name = Debug;
		};
		F77931A02B7964B3009E3759 /* Release */ = {
			isa = XCBuildConfiguration;
			buildSettings = {
				ASSETCATALOG_COMPILER_APPICON_NAME = AppIcon;
				ASSETCATALOG_COMPILER_GLOBAL_ACCENT_COLOR_NAME = AccentColor;
				CODE_SIGN_ENTITLEMENTS = MVP_PauseTime/MVP_PauseTime.entitlements;
				CODE_SIGN_STYLE = Automatic;
				CURRENT_PROJECT_VERSION = 1;
				DEVELOPMENT_ASSET_PATHS = "\"MVP_PauseTime/Preview Content\"";
				DEVELOPMENT_TEAM = K6Q336Q3FM;
				ENABLE_HARDENED_RUNTIME = YES;
				ENABLE_PREVIEWS = YES;
				GENERATE_INFOPLIST_FILE = YES;
				"INFOPLIST_KEY_UIApplicationSceneManifest_Generation[sdk=iphoneos*]" = YES;
				"INFOPLIST_KEY_UIApplicationSceneManifest_Generation[sdk=iphonesimulator*]" = YES;
				"INFOPLIST_KEY_UIApplicationSupportsIndirectInputEvents[sdk=iphoneos*]" = YES;
				"INFOPLIST_KEY_UIApplicationSupportsIndirectInputEvents[sdk=iphonesimulator*]" = YES;
				"INFOPLIST_KEY_UILaunchScreen_Generation[sdk=iphoneos*]" = YES;
				"INFOPLIST_KEY_UILaunchScreen_Generation[sdk=iphonesimulator*]" = YES;
				"INFOPLIST_KEY_UIStatusBarStyle[sdk=iphoneos*]" = UIStatusBarStyleDefault;
				"INFOPLIST_KEY_UIStatusBarStyle[sdk=iphonesimulator*]" = UIStatusBarStyleDefault;
				INFOPLIST_KEY_UISupportedInterfaceOrientations_iPad = "UIInterfaceOrientationPortrait UIInterfaceOrientationPortraitUpsideDown UIInterfaceOrientationLandscapeLeft UIInterfaceOrientationLandscapeRight";
				INFOPLIST_KEY_UISupportedInterfaceOrientations_iPhone = "UIInterfaceOrientationPortrait UIInterfaceOrientationLandscapeLeft UIInterfaceOrientationLandscapeRight";
				IPHONEOS_DEPLOYMENT_TARGET = 16.4;
				LD_RUNPATH_SEARCH_PATHS = "@executable_path/Frameworks";
				"LD_RUNPATH_SEARCH_PATHS[sdk=macosx*]" = "@executable_path/../Frameworks";
				MACOSX_DEPLOYMENT_TARGET = 13.2;
				MARKETING_VERSION = 1.0;
				PRODUCT_BUNDLE_IDENTIFIER = "io.MVP-PauseTime";
				PRODUCT_NAME = "$(TARGET_NAME)";
				SDKROOT = auto;
				SUPPORTED_PLATFORMS = "iphoneos iphonesimulator macosx";
				SWIFT_EMIT_LOC_STRINGS = YES;
				SWIFT_VERSION = 5.0;
				TARGETED_DEVICE_FAMILY = "1,2";
			};
			name = Release;
		};
/* End XCBuildConfiguration section */

/* Begin XCConfigurationList section */
		F779318A2B7964B2009E3759 /* Build configuration list for PBXProject "MVP_PauseTime" */ = {
			isa = XCConfigurationList;
			buildConfigurations = (
				F779319C2B7964B3009E3759 /* Debug */,
				F779319D2B7964B3009E3759 /* Release */,
			);
			defaultConfigurationIsVisible = 0;
			defaultConfigurationName = Release;
		};
		F779319E2B7964B3009E3759 /* Build configuration list for PBXNativeTarget "MVP_PauseTime" */ = {
			isa = XCConfigurationList;
			buildConfigurations = (
				F779319F2B7964B3009E3759 /* Debug */,
				F77931A02B7964B3009E3759 /* Release */,
			);
			defaultConfigurationIsVisible = 0;
			defaultConfigurationName = Release;
		};
/* End XCConfigurationList section */
	};
	rootObject = F77931872B7964B2009E3759 /* Project object */;
}
